# This file is autogenerated, do not edit; changes may be undone by the next 'dep ensure'.


[[projects]]
  branch = "v1"
  name = "gopkg.in/check.v1"
  packages = ["."]
  revision = "20d25e2804050c1cd24a7eea1e7a6447dd0e74ec"

[solve-meta]
  analyzer-name = "dep"
  analyzer-version = 1
  inputs-digest = "6fd39ad6060b19a151f3ed573a3192ec9a015c216805fc4cab44f40a4f76b498"
  solver-name = "gps-cdcl"
  solver-version = 1
